
Microsoft Visual Studio Solution File, Format Version 12.00
# Visual Studio Version 17
VisualStudioVersion = 17.1.32421.90
MinimumVisualStudioVersion = 10.0.40219.1
Project("{FAE04EC0-301F-11D3-BF4B-00C04F79EFBC}") = "TwilioVoiceBot", "TwilioVoiceBot\TwilioVoiceBot.csproj", "{CE2A6D0B-B846-482E-A41B-3AEC93930793}"
EndProject
Global
	GlobalSection(SolutionConfigurationPlatforms) = preSolution
		Debug|Any CPU = Debug|Any CPU
		Release|Any CPU = Release|Any CPU
	EndGlobalSection
	GlobalSection(ProjectConfigurationPlatforms) = postSolution
		{CE2A6D0B-B846-482E-A41B-3AEC93930793}.Debug|Any CPU.ActiveCfg = Debug|Any CPU
		{CE2A6D0B-B846-482E-A41B-3AEC93930793}.Debug|Any CPU.Build.0 = Debug|Any CPU
		{CE2A6D0B-B846-482E-A41B-3AEC93930793}.Release|Any CPU.ActiveCfg = Release|Any CPU
		{CE2A6D0B-B846-482E-A41B-3AEC93930793}.Release|Any CPU.Build.0 = Release|Any CPU
	EndGlobalSection
	GlobalSection(SolutionProperties) = preSolution
		HideSolutionNode = FALSE
	EndGlobalSection
	GlobalSection(ExtensibilityGlobals) = postSolution
		SolutionGuid = {DC6903E9-9D60-450C-8608-460B4FB2C3AF}
	EndGlobalSection
EndGlobal
